
Microsoft Visual Studio Solution File, Format Version 12.00
# Visual Studio Version 16
VisualStudioVersion = 16.0.30204.135
MinimumVisualStudioVersion = 10.0.40219.1
Project("{FAE04EC0-301F-11D3-BF4B-00C04F79EFBC}") = "Oobooks-Api", "Oobooks-Api\Oobooks-Api.csproj", "{59E1693A-9AB2-47A4-8938-44431B99593B}"
EndProject
Global
	GlobalSection(SolutionConfigurationPlatforms) = preSolution
		Debug|Any CPU = Debug|Any CPU
		Release|Any CPU = Release|Any CPU
	EndGlobalSection
	GlobalSection(ProjectConfigurationPlatforms) = postSolution
		{59E1693A-9AB2-47A4-8938-44431B99593B}.Debug|Any CPU.ActiveCfg = Debug|Any CPU
		{59E1693A-9AB2-47A4-8938-44431B99593B}.Debug|Any CPU.Build.0 = Debug|Any CPU
		{59E1693A-9AB2-47A4-8938-44431B99593B}.Release|Any CPU.ActiveCfg = Release|Any CPU
		{59E1693A-9AB2-47A4-8938-44431B99593B}.Release|Any CPU.Build.0 = Release|Any CPU
	EndGlobalSection
	GlobalSection(SolutionProperties) = preSolution
		HideSolutionNode = FALSE
	EndGlobalSection
	GlobalSection(ExtensibilityGlobals) = postSolution
		SolutionGuid = {0F40E127-A4EA-4966-86FB-1367A3D09185}
	EndGlobalSection
EndGlobal
